{
  "name": "nokomis",
  "version": "0.2.4",
  "dependencies": {
    "async": {
      "version": "0.1.22",
      "from": "async@~0.1.x"
    },
    "bunyan": {
      "version": "0.14.6",
      "from": "bunyan@~0.14.x"
    },
    "cluster-master": {
      "version": "0.0.10",
      "from": "cluster-master@~0.0.x"
    },
    "extendable": {
      "version": "0.0.3",
      "from": "extendable@~0.0.x",
      "dependencies": {
        "lodash": {
          "version": "1.0.0-rc.3",
          "from": "lodash@0.7.x"
        }
      }
    },
    "glob": {
      "version": "3.1.19",
      "from": "glob@~3.1.x",
      "dependencies": {
        "minimatch": {
          "version": "0.2.9",
          "from": "minimatch@0.2",
          "dependencies": {
            "lru-cache": {
              "version": "2.0.4",
              "from": "lru-cache@~2.0.0"
            },
            "sigmund": {
              "version": "1.0.0",
              "from": "sigmund@~1.0.0"
            }
          }
        },
        "graceful-fs": {
          "version": "1.2.0",
          "from": "graceful-fs@~1.2.0"
        },
        "inherits": {
          "version": "1.0.0",
          "from": "inherits@1"
        }
      }
    },
    "routes": {
      "version": "0.1.1",
      "from": "routes@~0.1.x"
    },
    "underscore": {
      "version": "1.4.4",
      "from": "underscore@~1.4.x"
    },
    "mocha": {
      "version": "1.8.1",
      "from": "mocha@*",
      "dependencies": {
        "commander": {
          "version": "0.6.1",
          "from": "commander@0.6.1"
        },
        "growl": {
          "version": "1.7.0",
          "from": "growl@1.7.x"
        },
        "jade": {
          "version": "0.26.3",
          "from": "jade@0.26.3",
          "dependencies": {
            "mkdirp": {
              "version": "0.3.0",
              "from": "mkdirp@0.3.0"
            }
          }
        },
        "diff": {
          "version": "1.0.2",
          "from": "diff@1.0.2"
        },
        "debug": {
          "version": "0.7.2",
          "from": "debug@*"
        },
        "mkdirp": {
          "version": "0.3.3",
          "from": "mkdirp@0.3.3"
        },
        "ms": {
          "version": "0.3.0",
          "from": "ms@0.3.0"
        }
      }
    },
    "sinon": {
      "version": "1.5.2",
      "from": "sinon@*",
      "dependencies": {
        "buster-format": {
          "version": "0.5.5",
          "from": "buster-format@~0.5",
          "dependencies": {
            "buster-core": {
              "version": "0.6.4",
              "from": "buster-core@>=0.6.2"
            }
          }
        }
      }
    }
  }
}
